PODS:
  - ActionSheetPicker-3.0 (2.3.1)
  - Alamofire (4.9.1)
  - Alamofire-SwiftyJSON (3.0.0):
    - Alamofire (~> 4.5)
    - SwiftyJSON (~> 4.0.0)
  - CDAlertView (0.10.0)
  - IQKeyboardManagerSwift (6.5.6)
  - Kingfisher (5.14.1):
    - Kingfisher/Core (= 5.14.1)
  - Kingfisher/Core (5.14.1)
  - MMPlayerView (6.0.2)
  - NVActivityIndicatorView (5.1.1):
    - NVActivityIndicatorView/Base (= 5.1.1)
  - NVActivityIndicatorView/Base (5.1.1)
  - OTPFieldView (1.0.1)
  - QuickLayout (3.0.0)
  - ReadMoreTextView (3.0.1)
  - RSSelectionMenu (7.1.0)
  - SimpleTwoWayBinding (0.0.2)
  - SlideMenuControllerSwift (4.0.0)
  - SwiftEntryKit (1.2.3):
    - QuickLayout (= 3.0.0)
  - SwiftyJSON (4.0.0)
  - TextFieldEffects (1.6.0)

DEPENDENCIES:
  - ActionSheetPicker-3.0 (~> 2.3.0)
  - Alamofire
  - Alamofire-SwiftyJSON
  - CDAlertView
  - IQKeyboardManagerSwift
  - Kingfisher
  - MMPlayerView
  - NVActivityIndicatorView
  - OTPFieldView
  - ReadMoreTextView
  - RSSelectionMenu
  - SimpleTwoWayBinding
  - SlideMenuControllerSwift
  - SwiftEntryKit
  - TextFieldEffects

SPEC REPOS:
  trunk:
    - ActionSheetPicker-3.0
    - Alamofire
    - Alamofire-SwiftyJSON
    - CDAlertView
    - IQKeyboardManagerSwift
    - Kingfisher
    - MMPlayerView
    - NVActivityIndicatorView
    - OTPFieldView
    - QuickLayout
    - ReadMoreTextView
    - RSSelectionMenu
    - SimpleTwoWayBinding
    - SlideMenuControllerSwift
    - SwiftEntryKit
    - SwiftyJSON
    - TextFieldEffects

SPEC CHECKSUMS:
  ActionSheetPicker-3.0: 2f5e3fde6b3205a7318f9338e4ec0f373ce7e75c
  Alamofire: 85e8a02c69d6020a0d734f6054870d7ecb75cf18
  Alamofire-SwiftyJSON: 2b3649d57dc7bb2880fb8b86f8bb969397666916
  CDAlertView: ee6a87c90c4283c8d316d55633db1a6981f1cc51
  IQKeyboardManagerSwift: c7df9d2deb356c04522f5c4b7b6e4ce4d8ed94fe
  Kingfisher: 8050bc6f7f68cbf3908bd04df7ccbac188f6d6d6
  MMPlayerView: e28bace82369bcfbfbe29f9dcd30eeb641a46754
  NVActivityIndicatorView: 1f6c5687f1171810aa27a3296814dc2d7dec3667
  OTPFieldView: 700a752fe62c41d1c4914c78aa500fb30d97c255
  QuickLayout: 07b45a72b10083fee3f095990cfed1c1e7b27f0a
  ReadMoreTextView: 19147adf93abce6d7271e14031a00303fe28720d
  RSSelectionMenu: df7e43e453c10a48db4b1a03fd1b0d3918d10039
  SimpleTwoWayBinding: 728d751c25d9909ddf2ee76711ab4a8a71e00c69
  SlideMenuControllerSwift: 021d6318201c53d4d4d3710517d43d6c556c7dd0
  SwiftEntryKit: 340713c2e4a6662c5149629990bf1088bf5f0389
  SwiftyJSON: 070dabdcb1beb81b247c65ffa3a79dbbfb3b48aa
  TextFieldEffects: 529b8aff706fb40f82c41c780c0777941a893796

PODFILE CHECKSUM: 4e620bfa2147a47ae946f4f1b7dbc1e388e97285

COCOAPODS: 1.10.0
