// !$*UTF8*$!
{
	archiveVersion = 1;
	classes = {
	};
	objectVersion = 50;
	objects = {

/* Begin PBXBuildFile section */
		63C109772555EF0B0097EDC3 /* AppDelegate.swift in Sources */ = {isa = PBXBuildFile; fileRef = 63C109762555EF0B0097EDC3 /* AppDelegate.swift */; };
		63C109792555EF0B0097EDC3 /* SceneDelegate.swift in Sources */ = {isa = PBXBuildFile; fileRef = 63C109782555EF0B0097EDC3 /* SceneDelegate.swift */; };
		63C109802555EF0C0097EDC3 /* Assets.xcassets in Resources */ = {isa = PBXBuildFile; fileRef = 63C1097F2555EF0C0097EDC3 /* Assets.xcassets */; };
		63C109832555EF0C0097EDC3 /* LaunchScreen.storyboard in Resources */ = {isa = PBXBuildFile; fileRef = 63C109812555EF0C0097EDC3 /* LaunchScreen.storyboard */; };
		DC98A6015EEAC46EA613C792 /* Pods_Pulse.framework in Frameworks */ = {isa = PBXBuildFile; fileRef = 5ED7BDDD5D6A29D890338494 /* Pods_Pulse.framework */; };
/* End PBXBuildFile section */

/* Begin PBXFileReference section */
		5680797938EF3C26D37613FD /* Pods-Pulse.release.xcconfig */ = {isa = PBXFileReference; includeInIndex = 1; lastKnownFileType = text.xcconfig; name = "Pods-Pulse.release.xcconfig"; path = "Target Support Files/Pods-Pulse/Pods-Pulse.release.xcconfig"; sourceTree = "<group>"; };
		5ED7BDDD5D6A29D890338494 /* Pods_Pulse.framework */ = {isa = PBXFileReference; explicitFileType = wrapper.framework; includeInIndex = 0; path = Pods_Pulse.framework; sourceTree = BUILT_PRODUCTS_DIR; };
		63C109732555EF0B0097EDC3 /* Pulse.app */ = {isa = PBXFileReference; explicitFileType = wrapper.application; includeInIndex = 0; path = Pulse.app; sourceTree = BUILT_PRODUCTS_DIR; };
		63C109762555EF0B0097EDC3 /* AppDelegate.swift */ = {isa = PBXFileReference; lastKnownFileType = sourcecode.swift; path = AppDelegate.swift; sourceTree = "<group>"; };
		63C109782555EF0B0097EDC3 /* SceneDelegate.swift */ = {isa = PBXFileReference; lastKnownFileType = sourcecode.swift; path = SceneDelegate.swift; sourceTree = "<group>"; };
		63C1097F2555EF0C0097EDC3 /* Assets.xcassets */ = {isa = PBXFileReference; lastKnownFileType = folder.assetcatalog; path = Assets.xcassets; sourceTree = "<group>"; };
		63C109822555EF0C0097EDC3 /* Base */ = {isa = PBXFileReference; lastKnownFileType = file.storyboard; name = Base; path = Base.lproj/LaunchScreen.storyboard; sourceTree = "<group>"; };
		63C109842555EF0C0097EDC3 /* Info.plist */ = {isa = PBXFileReference; lastKnownFileType = text.plist.xml; path = Info.plist; sourceTree = "<group>"; };
		F117E6E1CFF5E48468622CD6 /* Pods-Pulse.debug.xcconfig */ = {isa = PBXFileReference; includeInIndex = 1; lastKnownFileType = text.xcconfig; name = "Pods-Pulse.debug.xcconfig"; path = "Target Support Files/Pods-Pulse/Pods-Pulse.debug.xcconfig"; sourceTree = "<group>"; };
/* End PBXFileReference section */

/* Begin PBXFrameworksBuildPhase section */
		63C109702555EF0B0097EDC3 /* Frameworks */ = {
			isa = PBXFrameworksBuildPhase;
			buildActionMask = 2147483647;
			files = (
				DC98A6015EEAC46EA613C792 /* Pods_Pulse.framework in Frameworks */,
			);
			runOnlyForDeploymentPostprocessing = 0;
		};
/* End PBXFrameworksBuildPhase section */

/* Begin PBXGroup section */
		442CA713746B81744D2AC55E /* Frameworks */ = {
			isa = PBXGroup;
			children = (
				5ED7BDDD5D6A29D890338494 /* Pods_Pulse.framework */,
			);
			name = Frameworks;
			sourceTree = "<group>";
		};
		63C1096A2555EF0B0097EDC3 = {
			isa = PBXGroup;
			children = (
				63C109752555EF0B0097EDC3 /* Pulse */,
				63C109742555EF0B0097EDC3 /* Products */,
				9728CED94A496155CBC3F241 /* Pods */,
				442CA713746B81744D2AC55E /* Frameworks */,
			);
			sourceTree = "<group>";
		};
		63C109742555EF0B0097EDC3 /* Products */ = {
			isa = PBXGroup;
			children = (
				63C109732555EF0B0097EDC3 /* Pulse.app */,
			);
			name = Products;
			sourceTree = "<group>";
		};
		63C109752555EF0B0097EDC3 /* Pulse */ = {
			isa = PBXGroup;
			children = (
				63C109B42555F6EA0097EDC3 /* Source */,
				63C109A82555F48E0097EDC3 /* Supporting Files */,
				63C1098C2555F43D0097EDC3 /* Resources */,
			);
			path = Pulse;
			sourceTree = "<group>";
		};
		63C1098C2555F43D0097EDC3 /* Resources */ = {
			isa = PBXGroup;
			children = (
				63C1097F2555EF0C0097EDC3 /* Assets.xcassets */,
			);
			path = Resources;
			sourceTree = "<group>";
		};
		63C109A82555F48E0097EDC3 /* Supporting Files */ = {
			isa = PBXGroup;
			children = (
				63C109762555EF0B0097EDC3 /* AppDelegate.swift */,
				63C109782555EF0B0097EDC3 /* SceneDelegate.swift */,
				63C109812555EF0C0097EDC3 /* LaunchScreen.storyboard */,
				63C109842555EF0C0097EDC3 /* Info.plist */,
			);
			path = "Supporting Files";
			sourceTree = "<group>";
		};
		63C109B42555F6EA0097EDC3 /* Source */ = {
			isa = PBXGroup;
			children = (
				63C109B92555F7100097EDC3 /* Repository */,
				63C109B82555F70C0097EDC3 /* Model */,
				63C109B72555F7060097EDC3 /* Common */,
				63C109B62555F6F70097EDC3 /* Helper */,
				63C109B52555F6EF0097EDC3 /* Modules */,
			);
			path = Source;
			sourceTree = "<group>";
		};
		63C109B52555F6EF0097EDC3 /* Modules */ = {
			isa = PBXGroup;
			children = (
			);
			path = Modules;
			sourceTree = "<group>";
		};
		63C109B62555F6F70097EDC3 /* Helper */ = {
			isa = PBXGroup;
			children = (
			);
			path = Helper;
			sourceTree = "<group>";
		};
		63C109B72555F7060097EDC3 /* Common */ = {
			isa = PBXGroup;
			children = (
			);
			path = Common;
			sourceTree = "<group>";
		};
		63C109B82555F70C0097EDC3 /* Model */ = {
			isa = PBXGroup;
			children = (
			);
			path = Model;
			sourceTree = "<group>";
		};
		63C109B92555F7100097EDC3 /* Repository */ = {
			isa = PBXGroup;
			children = (
			);
			path = Repository;
			sourceTree = "<group>";
		};
		9728CED94A496155CBC3F241 /* Pods */ = {
			isa = PBXGroup;
			children = (
				F117E6E1CFF5E48468622CD6 /* Pods-Pulse.debug.xcconfig */,
				5680797938EF3C26D37613FD /* Pods-Pulse.release.xcconfig */,
			);
			name = Pods;
			path = Pods;
			sourceTree = "<group>";
		};
/* End PBXGroup section */

/* Begin PBXNativeTarget section */
		63C109722555EF0B0097EDC3 /* Pulse */ = {
			isa = PBXNativeTarget;
			buildConfigurationList = 63C109872555EF0C0097EDC3 /* Build configuration list for PBXNativeTarget "Pulse" */;
			buildPhases = (
				84AEBB7FF0D0652A5E5118FC /* [CP] Check Pods Manifest.lock */,
				63C1096F2555EF0B0097EDC3 /* Sources */,
				63C109702555EF0B0097EDC3 /* Frameworks */,
				63C109712555EF0B0097EDC3 /* Resources */,
				13E98C07228A9DFD00CADFAA /* [CP] Embed Pods Frameworks */,
				6EDCD0AC73A9CBE01AF70A97 /* [CP] Copy Pods Resources */,
			);
			buildRules = (
			);
			dependencies = (
			);
			name = Pulse;
			productName = Pulse;
			productReference = 63C109732555EF0B0097EDC3 /* Pulse.app */;
			productType = "com.apple.product-type.application";
		};
/* End PBXNativeTarget section */

/* Begin PBXProject section */
		63C1096B2555EF0B0097EDC3 /* Project object */ = {
			isa = PBXProject;
			attributes = {
				LastSwiftUpdateCheck = 1210;
				LastUpgradeCheck = 1210;
				TargetAttributes = {
					63C109722555EF0B0097EDC3 = {
						CreatedOnToolsVersion = 12.1;
					};
				};
			};
			buildConfigurationList = 63C1096E2555EF0B0097EDC3 /* Build configuration list for PBXProject "Pulse" */;
			compatibilityVersion = "Xcode 9.3";
			developmentRegion = en;
			hasScannedForEncodings = 0;
			knownRegions = (
				en,
				Base,
			);
			mainGroup = 63C1096A2555EF0B0097EDC3;
			productRefGroup = 63C109742555EF0B0097EDC3 /* Products */;
			projectDirPath = "";
			projectRoot = "";
			targets = (
				63C109722555EF0B0097EDC3 /* Pulse */,
			);
		};
/* End PBXProject section */

/* Begin PBXResourcesBuildPhase section */
		63C109712555EF0B0097EDC3 /* Resources */ = {
			isa = PBXResourcesBuildPhase;
			buildActionMask = 2147483647;
			files = (
				63C109832555EF0C0097EDC3 /* LaunchScreen.storyboard in Resources */,
				63C109802555EF0C0097EDC3 /* Assets.xcassets in Resources */,
			);
			runOnlyForDeploymentPostprocessing = 0;
		};
/* End PBXResourcesBuildPhase section */

/* Begin PBXShellScriptBuildPhase section */
		13E98C07228A9DFD00CADFAA /* [CP] Embed Pods Frameworks */ = {
			isa = PBXShellScriptBuildPhase;
			buildActionMask = 2147483647;
			files = (
			);
			inputFileListPaths = (
				"${PODS_ROOT}/Target Support Files/Pods-Pulse/Pods-Pulse-frameworks-${CONFIGURATION}-input-files.xcfilelist",
			);
			name = "[CP] Embed Pods Frameworks";
			outputFileListPaths = (
				"${PODS_ROOT}/Target Support Files/Pods-Pulse/Pods-Pulse-frameworks-${CONFIGURATION}-output-files.xcfilelist",
			);
			runOnlyForDeploymentPostprocessing = 0;
			shellPath = /bin/sh;
			shellScript = "\"${PODS_ROOT}/Target Support Files/Pods-Pulse/Pods-Pulse-frameworks.sh\"\n";
			showEnvVarsInLog = 0;
		};
		6EDCD0AC73A9CBE01AF70A97 /* [CP] Copy Pods Resources */ = {
			isa = PBXShellScriptBuildPhase;
			buildActionMask = 2147483647;
			files = (
			);
			inputFileListPaths = (
				"${PODS_ROOT}/Target Support Files/Pods-Pulse/Pods-Pulse-resources-${CONFIGURATION}-input-files.xcfilelist",
			);
			name = "[CP] Copy Pods Resources";
			outputFileListPaths = (
				"${PODS_ROOT}/Target Support Files/Pods-Pulse/Pods-Pulse-resources-${CONFIGURATION}-output-files.xcfilelist",
			);
			runOnlyForDeploymentPostprocessing = 0;
			shellPath = /bin/sh;
			shellScript = "\"${PODS_ROOT}/Target Support Files/Pods-Pulse/Pods-Pulse-resources.sh\"\n";
			showEnvVarsInLog = 0;
		};
		84AEBB7FF0D0652A5E5118FC /* [CP] Check Pods Manifest.lock */ = {
			isa = PBXShellScriptBuildPhase;
			buildActionMask = 2147483647;
			files = (
			);
			inputFileListPaths = (
			);
			inputPaths = (
				"${PODS_PODFILE_DIR_PATH}/Podfile.lock",
				"${PODS_ROOT}/Manifest.lock",
			);
			name = "[CP] Check Pods Manifest.lock";
			outputFileListPaths = (
			);
			outputPaths = (
				"$(DERIVED_FILE_DIR)/Pods-Pulse-checkManifestLockResult.txt",
			);
			runOnlyForDeploymentPostprocessing = 0;
			shellPath = /bin/sh;
			shellScript = "diff \"${PODS_PODFILE_DIR_PATH}/Podfile.lock\" \"${PODS_ROOT}/Manifest.lock\" > /dev/null\nif [ $? != 0 ] ; then\n    # print error to STDERR\n    echo \"error: The sandbox is not in sync with the Podfile.lock. Run 'pod install' or update your CocoaPods installation.\" >&2\n    exit 1\nfi\n# This output is used by Xcode 'outputs' to avoid re-running this script phase.\necho \"SUCCESS\" > \"${SCRIPT_OUTPUT_FILE_0}\"\n";
			showEnvVarsInLog = 0;
		};
/* End PBXShellScriptBuildPhase section */

/* Begin PBXSourcesBuildPhase section */
		63C1096F2555EF0B0097EDC3 /* Sources */ = {
			isa = PBXSourcesBuildPhase;
			buildActionMask = 2147483647;
			files = (
				63C109772555EF0B0097EDC3 /* AppDelegate.swift in Sources */,
				63C109792555EF0B0097EDC3 /* SceneDelegate.swift in Sources */,
			);
			runOnlyForDeploymentPostprocessing = 0;
		};
/* End PBXSourcesBuildPhase section */

/* Begin PBXVariantGroup section */
		63C109812555EF0C0097EDC3 /* LaunchScreen.storyboard */ = {
			isa = PBXVariantGroup;
			children = (
				63C109822555EF0C0097EDC3 /* Base */,
			);
			name = LaunchScreen.storyboard;
			sourceTree = "<group>";
		};
/* End PBXVariantGroup section */

/* Begin XCBuildConfiguration section */
		63C109852555EF0C0097EDC3 /* Debug */ = {
			isa = XCBuildConfiguration;
			buildSettings = {
				ALWAYS_SEARCH_USER_PATHS = NO;
				CLANG_ANALYZER_NONNULL = YES;
				CLANG_ANALYZER_NUMBER_OBJECT_CONVERSION = YES_AGGRESSIVE;
				CLANG_CXX_LANGUAGE_STANDARD = "gnu++14";
				CLANG_CXX_LIBRARY = "libc++";
				CLANG_ENABLE_MODULES = YES;
				CLANG_ENABLE_OBJC_ARC = YES;
				CLANG_ENABLE_OBJC_WEAK = YES;
				CLANG_WARN_BLOCK_CAPTURE_AUTORELEASING = YES;
				CLANG_WARN_BOOL_CONVERSION = YES;
				CLANG_WARN_COMMA = YES;
				CLANG_WARN_CONSTANT_CONVERSION = YES;
				CLANG_WARN_DEPRECATED_OBJC_IMPLEMENTATIONS = YES;
				CLANG_WARN_DIRECT_OBJC_ISA_USAGE = YES_ERROR;
				CLANG_WARN_DOCUMENTATION_COMMENTS = YES;
				CLANG_WARN_EMPTY_BODY = YES;
				CLANG_WARN_ENUM_CONVERSION = YES;
				CLANG_WARN_INFINITE_RECURSION = YES;
				CLANG_WARN_INT_CONVERSION = YES;
				CLANG_WARN_NON_LITERAL_NULL_CONVERSION = YES;
				CLANG_WARN_OBJC_IMPLICIT_RETAIN_SELF = YES;
				CLANG_WARN_OBJC_LITERAL_CONVERSION = YES;
				CLANG_WARN_OBJC_ROOT_CLASS = YES_ERROR;
				CLANG_WARN_QUOTED_INCLUDE_IN_FRAMEWORK_HEADER = YES;
				CLANG_WARN_RANGE_LOOP_ANALYSIS = YES;
				CLANG_WARN_STRICT_PROTOTYPES = YES;
				CLANG_WARN_SUSPICIOUS_MOVE = YES;
				CLANG_WARN_UNGUARDED_AVAILABILITY = YES_AGGRESSIVE;
				CLANG_WARN_UNREACHABLE_CODE = YES;
				CLANG_WARN__DUPLICATE_METHOD_MATCH = YES;
				COPY_PHASE_STRIP = NO;
				DEBUG_INFORMATION_FORMAT = dwarf;
				ENABLE_STRICT_OBJC_MSGSEND = YES;
				ENABLE_TESTABILITY = YES;
				GCC_C_LANGUAGE_STANDARD = gnu11;
				GCC_DYNAMIC_NO_PIC = NO;
				GCC_NO_COMMON_BLOCKS = YES;
				GCC_OPTIMIZATION_LEVEL = 0;
				GCC_PREPROCESSOR_DEFINITIONS = (
					"DEBUG=1",
					"$(inherited)",
				);
				GCC_WARN_64_TO_32_BIT_CONVERSION = YES;
				GCC_WARN_ABOUT_RETURN_TYPE = YES_ERROR;
				GCC_WARN_UNDECLARED_SELECTOR = YES;
				GCC_WARN_UNINITIALIZED_AUTOS = YES_AGGRESSIVE;
				GCC_WARN_UNUSED_FUNCTION = YES;
				GCC_WARN_UNUSED_VARIABLE = YES;
				IPHONEOS_DEPLOYMENT_TARGET = 14.1;
				MTL_ENABLE_DEBUG_INFO = INCLUDE_SOURCE;
				MTL_FAST_MATH = YES;
				ONLY_ACTIVE_ARCH = YES;
				SDKROOT = iphoneos;
				SWIFT_ACTIVE_COMPILATION_CONDITIONS = DEBUG;
				SWIFT_OPTIMIZATION_LEVEL = "-Onone";
			};
			name = Debug;
		};
		63C109862555EF0C0097EDC3 /* Release */ = {
			isa = XCBuildConfiguration;
			buildSettings = {
				ALWAYS_SEARCH_USER_PATHS = NO;
				CLANG_ANALYZER_NONNULL = YES;
				CLANG_ANALYZER_NUMBER_OBJECT_CONVERSION = YES_AGGRESSIVE;
				CLANG_CXX_LANGUAGE_STANDARD = "gnu++14";
				CLANG_CXX_LIBRARY = "libc++";
				CLANG_ENABLE_MODULES = YES;
				CLANG_ENABLE_OBJC_ARC = YES;
				CLANG_ENABLE_OBJC_WEAK = YES;
				CLANG_WARN_BLOCK_CAPTURE_AUTORELEASING = YES;
				CLANG_WARN_BOOL_CONVERSION = YES;
				CLANG_WARN_COMMA = YES;
				CLANG_WARN_CONSTANT_CONVERSION = YES;
				CLANG_WARN_DEPRECATED_OBJC_IMPLEMENTATIONS = YES;
				CLANG_WARN_DIRECT_OBJC_ISA_USAGE = YES_ERROR;
				CLANG_WARN_DOCUMENTATION_COMMENTS = YES;
				CLANG_WARN_EMPTY_BODY = YES;
				CLANG_WARN_ENUM_CONVERSION = YES;
				CLANG_WARN_INFINITE_RECURSION = YES;
				CLANG_WARN_INT_CONVERSION = YES;
				CLANG_WARN_NON_LITERAL_NULL_CONVERSION = YES;
				CLANG_WARN_OBJC_IMPLICIT_RETAIN_SELF = YES;
				CLANG_WARN_OBJC_LITERAL_CONVERSION = YES;
				CLANG_WARN_OBJC_ROOT_CLASS = YES_ERROR;
				CLANG_WARN_QUOTED_INCLUDE_IN_FRAMEWORK_HEADER = YES;
				CLANG_WARN_RANGE_LOOP_ANALYSIS = YES;
				CLANG_WARN_STRICT_PROTOTYPES = YES;
				CLANG_WARN_SUSPICIOUS_MOVE = YES;
				CLANG_WARN_UNGUARDED_AVAILABILITY = YES_AGGRESSIVE;
				CLANG_WARN_UNREACHABLE_CODE = YES;
				CLANG_WARN__DUPLICATE_METHOD_MATCH = YES;
				COPY_PHASE_STRIP = NO;
				DEBUG_INFORMATION_FORMAT = "dwarf-with-dsym";
				ENABLE_NS_ASSERTIONS = NO;
				ENABLE_STRICT_OBJC_MSGSEND = YES;
				GCC_C_LANGUAGE_STANDARD = gnu11;
				GCC_NO_COMMON_BLOCKS = YES;
				GCC_WARN_64_TO_32_BIT_CONVERSION = YES;
				GCC_WARN_ABOUT_RETURN_TYPE = YES_ERROR;
				GCC_WARN_UNDECLARED_SELECTOR = YES;
				GCC_WARN_UNINITIALIZED_AUTOS = YES_AGGRESSIVE;
				GCC_WARN_UNUSED_FUNCTION = YES;
				GCC_WARN_UNUSED_VARIABLE = YES;
				IPHONEOS_DEPLOYMENT_TARGET = 14.1;
				MTL_ENABLE_DEBUG_INFO = NO;
				MTL_FAST_MATH = YES;
				SDKROOT = iphoneos;
				SWIFT_COMPILATION_MODE = wholemodule;
				SWIFT_OPTIMIZATION_LEVEL = "-O";
				VALIDATE_PRODUCT = YES;
			};
			name = Release;
		};
		63C109882555EF0C0097EDC3 /* Debug */ = {
			isa = XCBuildConfiguration;
			baseConfigurationReference = F117E6E1CFF5E48468622CD6 /* Pods-Pulse.debug.xcconfig */;
			buildSettings = {
				ASSETCATALOG_COMPILER_APPICON_NAME = AppIcon;
				ASSETCATALOG_COMPILER_GLOBAL_ACCENT_COLOR_NAME = AccentColor;
				CODE_SIGN_STYLE = Automatic;
				INFOPLIST_FILE = Pulse/Info.plist;
				LD_RUNPATH_SEARCH_PATHS = (
					"$(inherited)",
					"@executable_path/Frameworks",
				);
				PRODUCT_BUNDLE_IDENTIFIER = com.hmz.Pulse;
				PRODUCT_NAME = "$(TARGET_NAME)";
				SWIFT_VERSION = 5.0;
				TARGETED_DEVICE_FAMILY = "1,2";
			};
			name = Debug;
		};
		63C109892555EF0C0097EDC3 /* Release */ = {
			isa = XCBuildConfiguration;
			baseConfigurationReference = 5680797938EF3C26D37613FD /* Pods-Pulse.release.xcconfig */;
			buildSettings = {
				ASSETCATALOG_COMPILER_APPICON_NAME = AppIcon;
				ASSETCATALOG_COMPILER_GLOBAL_ACCENT_COLOR_NAME = AccentColor;
				CODE_SIGN_STYLE = Automatic;
				INFOPLIST_FILE = Pulse/Info.plist;
				LD_RUNPATH_SEARCH_PATHS = (
					"$(inherited)",
					"@executable_path/Frameworks",
				);
				PRODUCT_BUNDLE_IDENTIFIER = com.hmz.Pulse;
				PRODUCT_NAME = "$(TARGET_NAME)";
				SWIFT_VERSION = 5.0;
				TARGETED_DEVICE_FAMILY = "1,2";
			};
			name = Release;
		};
/* End XCBuildConfiguration section */

/* Begin XCConfigurationList section */
		63C1096E2555EF0B0097EDC3 /* Build configuration list for PBXProject "Pulse" */ = {
			isa = XCConfigurationList;
			buildConfigurations = (
				63C109852555EF0C0097EDC3 /* Debug */,
				63C109862555EF0C0097EDC3 /* Release */,
			);
			defaultConfigurationIsVisible = 0;
			defaultConfigurationName = Release;
		};
		63C109872555EF0C0097EDC3 /* Build configuration list for PBXNativeTarget "Pulse" */ = {
			isa = XCConfigurationList;
			buildConfigurations = (
				63C109882555EF0C0097EDC3 /* Debug */,
				63C109892555EF0C0097EDC3 /* Release */,
			);
			defaultConfigurationIsVisible = 0;
			defaultConfigurationName = Release;
		};
/* End XCConfigurationList section */
	};
	rootObject = 63C1096B2555EF0B0097EDC3 /* Project object */;
}
