// !$*UTF8*$!
{
	archiveVersion = 1;
	classes = {
	};
	objectVersion = 51;
	objects = {

/* Begin PBXBuildFile section */
		63629AB225560B41003836A2 /* BaseNavigationViewController.swift in Sources */ = {isa = PBXBuildFile; fileRef = 63629AB125560B41003836A2 /* BaseNavigationViewController.swift */; };
		63629AEF25560F30003836A2 /* SplashViewController.swift in Sources */ = {isa = PBXBuildFile; fileRef = 63629AEE25560F30003836A2 /* SplashViewController.swift */; };
		63629AF325560F43003836A2 /* Splash.storyboard in Resources */ = {isa = PBXBuildFile; fileRef = 63629AF225560F43003836A2 /* Splash.storyboard */; };
		63629AF725560F83003836A2 /* SplashBuilder.swift in Sources */ = {isa = PBXBuildFile; fileRef = 63629AF625560F83003836A2 /* SplashBuilder.swift */; };
		63629AFC25560FAE003836A2 /* SplashViewModel.swift in Sources */ = {isa = PBXBuildFile; fileRef = 63629AFB25560FAE003836A2 /* SplashViewModel.swift */; };
		63629B0025560FF5003836A2 /* BaseViewController.swift in Sources */ = {isa = PBXBuildFile; fileRef = 63629AFF25560FF5003836A2 /* BaseViewController.swift */; };
		63629B0725561049003836A2 /* BaseUIButton.swift in Sources */ = {isa = PBXBuildFile; fileRef = 63629B0225561049003836A2 /* BaseUIButton.swift */; };
		63629B0825561049003836A2 /* BaseUIImageView.swift in Sources */ = {isa = PBXBuildFile; fileRef = 63629B0325561049003836A2 /* BaseUIImageView.swift */; };
		63629B0925561049003836A2 /* BaseParallaxHeaderView.swift in Sources */ = {isa = PBXBuildFile; fileRef = 63629B0425561049003836A2 /* BaseParallaxHeaderView.swift */; };
		63629B0A25561049003836A2 /* BaseUITextfield.swift in Sources */ = {isa = PBXBuildFile; fileRef = 63629B0525561049003836A2 /* BaseUITextfield.swift */; };
		63629B0B25561049003836A2 /* BaseUILabel.swift in Sources */ = {isa = PBXBuildFile; fileRef = 63629B0625561049003836A2 /* BaseUILabel.swift */; };
		63629B1325561071003836A2 /* HeaderViewController.swift in Sources */ = {isa = PBXBuildFile; fileRef = 63629B0E25561071003836A2 /* HeaderViewController.swift */; };
		63629B1425561071003836A2 /* HeaderView.swift in Sources */ = {isa = PBXBuildFile; fileRef = 63629B0F25561071003836A2 /* HeaderView.swift */; };
		63629B1525561071003836A2 /* FooterView.swift in Sources */ = {isa = PBXBuildFile; fileRef = 63629B1025561071003836A2 /* FooterView.swift */; };
		63629B1625561071003836A2 /* Footer.xib in Resources */ = {isa = PBXBuildFile; fileRef = 63629B1125561071003836A2 /* Footer.xib */; };
		63629B1725561071003836A2 /* HeaderView.xib in Resources */ = {isa = PBXBuildFile; fileRef = 63629B1225561071003836A2 /* HeaderView.xib */; };
		63629B1F255611E8003836A2 /* RightMenuViewModel.swift in Sources */ = {isa = PBXBuildFile; fileRef = 63629B1E255611E8003836A2 /* RightMenuViewModel.swift */; };
		63629B24255611EE003836A2 /* RightMenu.storyboard in Resources */ = {isa = PBXBuildFile; fileRef = 63629B21255611EE003836A2 /* RightMenu.storyboard */; };
		63629B26255611EE003836A2 /* RightMenuViewController.swift in Sources */ = {isa = PBXBuildFile; fileRef = 63629B23255611EE003836A2 /* RightMenuViewController.swift */; };
		63629B2B2556122C003836A2 /* RightMenuTableViewCell.swift in Sources */ = {isa = PBXBuildFile; fileRef = 63629B2A2556122C003836A2 /* RightMenuTableViewCell.swift */; };
		63629B2E25561246003836A2 /* RghtMenuBuilder.swift in Sources */ = {isa = PBXBuildFile; fileRef = 63629B2D25561246003836A2 /* RghtMenuBuilder.swift */; };
		6372E6802557DA1500A03E01 /* ConfirmPasswordViewController.swift in Sources */ = {isa = PBXBuildFile; fileRef = 6372E67F2557DA1500A03E01 /* ConfirmPasswordViewController.swift */; };
		6372E6832557DA2000A03E01 /* ConfirmPasswordViewModel.swift in Sources */ = {isa = PBXBuildFile; fileRef = 6372E6822557DA2000A03E01 /* ConfirmPasswordViewModel.swift */; };
		6372E6862557DA2900A03E01 /* ConfirmPasswordBuilder.swift in Sources */ = {isa = PBXBuildFile; fileRef = 6372E6852557DA2900A03E01 /* ConfirmPasswordBuilder.swift */; };
		6372E69F2557F64B00A03E01 /* Dashboard.storyboard in Resources */ = {isa = PBXBuildFile; fileRef = 6372E69E2557F64B00A03E01 /* Dashboard.storyboard */; };
		6372E6A22557F8BB00A03E01 /* DashboardViewController.swift in Sources */ = {isa = PBXBuildFile; fileRef = 6372E6A12557F8BB00A03E01 /* DashboardViewController.swift */; };
		6372E6A52557F94C00A03E01 /* DashboardBuilder.swift in Sources */ = {isa = PBXBuildFile; fileRef = 6372E6A42557F94C00A03E01 /* DashboardBuilder.swift */; };
		6372E6A82557F96700A03E01 /* DashboardViewModel.swift in Sources */ = {isa = PBXBuildFile; fileRef = 6372E6A72557F96700A03E01 /* DashboardViewModel.swift */; };
		6372E6AB2557FC5D00A03E01 /* TopStoriesViewController.swift in Sources */ = {isa = PBXBuildFile; fileRef = 6372E6AA2557FC5D00A03E01 /* TopStoriesViewController.swift */; };
		6372E6B52558016300A03E01 /* TopStoriesTableViewCell.swift in Sources */ = {isa = PBXBuildFile; fileRef = 6372E6B32558016300A03E01 /* TopStoriesTableViewCell.swift */; };
		6372E6B62558016300A03E01 /* TopStoriesTableViewCell.xib in Resources */ = {isa = PBXBuildFile; fileRef = 6372E6B42558016300A03E01 /* TopStoriesTableViewCell.xib */; };
		6372E6B92558018100A03E01 /* TopStoriesViewModel.swift in Sources */ = {isa = PBXBuildFile; fileRef = 6372E6B82558018100A03E01 /* TopStoriesViewModel.swift */; };
		6372E6BC2558018B00A03E01 /* TopStoriesCellViewModel.swift in Sources */ = {isa = PBXBuildFile; fileRef = 6372E6BB2558018B00A03E01 /* TopStoriesCellViewModel.swift */; };
		6372E6D1255804F600A03E01 /* UITextView+Extension.swift in Sources */ = {isa = PBXBuildFile; fileRef = 6372E6D0255804F600A03E01 /* UITextView+Extension.swift */; };
		6372E6D42558121E00A03E01 /* BaseUIView.swift in Sources */ = {isa = PBXBuildFile; fileRef = 6372E6D32558121E00A03E01 /* BaseUIView.swift */; };
		639F037F2556D44600772893 /* LoginViewController.swift in Sources */ = {isa = PBXBuildFile; fileRef = 639F037E2556D44600772893 /* LoginViewController.swift */; };
		639F03822556D45600772893 /* LoginViewModel.swift in Sources */ = {isa = PBXBuildFile; fileRef = 639F03812556D45600772893 /* LoginViewModel.swift */; };
		639F03852556D46000772893 /* LoginBuilder.swift in Sources */ = {isa = PBXBuildFile; fileRef = 639F03842556D46000772893 /* LoginBuilder.swift */; };
		639F038E2556D54F00772893 /* Authentication.storyboard in Resources */ = {isa = PBXBuildFile; fileRef = 639F038D2556D54F00772893 /* Authentication.storyboard */; };
		639F03912556D57C00772893 /* ForgetPasswordViewController.swift in Sources */ = {isa = PBXBuildFile; fileRef = 639F03902556D57C00772893 /* ForgetPasswordViewController.swift */; };
		639F03942556D72400772893 /* ForgetPasswordViewModel.swift in Sources */ = {isa = PBXBuildFile; fileRef = 639F03932556D72400772893 /* ForgetPasswordViewModel.swift */; };
		639F03982556D73200772893 /* ForgetPasswordBuilder.swift in Sources */ = {isa = PBXBuildFile; fileRef = 639F03972556D73200772893 /* ForgetPasswordBuilder.swift */; };
		63C109772555EF0B0097EDC3 /* AppDelegate.swift in Sources */ = {isa = PBXBuildFile; fileRef = 63C109762555EF0B0097EDC3 /* AppDelegate.swift */; };
		63C109792555EF0B0097EDC3 /* SceneDelegate.swift in Sources */ = {isa = PBXBuildFile; fileRef = 63C109782555EF0B0097EDC3 /* SceneDelegate.swift */; };
		63C109802555EF0C0097EDC3 /* Assets.xcassets in Resources */ = {isa = PBXBuildFile; fileRef = 63C1097F2555EF0C0097EDC3 /* Assets.xcassets */; };
		63C109832555EF0C0097EDC3 /* LaunchScreen.storyboard in Resources */ = {isa = PBXBuildFile; fileRef = 63C109812555EF0C0097EDC3 /* LaunchScreen.storyboard */; };
		63C109C12555FF740097EDC3 /* BaseRepository.swift in Sources */ = {isa = PBXBuildFile; fileRef = 63C109C02555FF740097EDC3 /* BaseRepository.swift */; };
		63C109C62555FF7C0097EDC3 /* AppRouter.swift in Sources */ = {isa = PBXBuildFile; fileRef = 63C109C32555FF7C0097EDC3 /* AppRouter.swift */; };
		63C109C72555FF7C0097EDC3 /* Constants.swift in Sources */ = {isa = PBXBuildFile; fileRef = 63C109C42555FF7C0097EDC3 /* Constants.swift */; };
		63C109C82555FF7C0097EDC3 /* Enum.swift in Sources */ = {isa = PBXBuildFile; fileRef = 63C109C52555FF7C0097EDC3 /* Enum.swift */; };
		63C109D72555FF830097EDC3 /* UIDeviceExtension.swift in Sources */ = {isa = PBXBuildFile; fileRef = 63C109CA2555FF830097EDC3 /* UIDeviceExtension.swift */; };
		63C109D82555FF830097EDC3 /* FacebookSharing.swift in Sources */ = {isa = PBXBuildFile; fileRef = 63C109CB2555FF830097EDC3 /* FacebookSharing.swift */; };
		63C109D92555FF830097EDC3 /* Alert.swift in Sources */ = {isa = PBXBuildFile; fileRef = 63C109CC2555FF830097EDC3 /* Alert.swift */; };
		63C109DA2555FF830097EDC3 /* RoundedUiView.swift in Sources */ = {isa = PBXBuildFile; fileRef = 63C109CD2555FF830097EDC3 /* RoundedUiView.swift */; };
		63C109DB2555FF830097EDC3 /* ImagePicker.swift in Sources */ = {isa = PBXBuildFile; fileRef = 63C109CE2555FF830097EDC3 /* ImagePicker.swift */; };
		63C109DC2555FF830097EDC3 /* DesignUtility.swift in Sources */ = {isa = PBXBuildFile; fileRef = 63C109CF2555FF830097EDC3 /* DesignUtility.swift */; };
		63C109DD2555FF830097EDC3 /* Extensions.swift in Sources */ = {isa = PBXBuildFile; fileRef = 63C109D02555FF830097EDC3 /* Extensions.swift */; };
		63C109DE2555FF830097EDC3 /* ArchiveUtils.swift in Sources */ = {isa = PBXBuildFile; fileRef = 63C109D12555FF830097EDC3 /* ArchiveUtils.swift */; };
		63C109DF2555FF830097EDC3 /* Utilities.swift in Sources */ = {isa = PBXBuildFile; fileRef = 63C109D22555FF830097EDC3 /* Utilities.swift */; };
		63C109E02555FF830097EDC3 /* DatePickerExtension.swift in Sources */ = {isa = PBXBuildFile; fileRef = 63C109D32555FF830097EDC3 /* DatePickerExtension.swift */; };
		63C109E12555FF830097EDC3 /* ToolbarPickerView.swift in Sources */ = {isa = PBXBuildFile; fileRef = 63C109D42555FF830097EDC3 /* ToolbarPickerView.swift */; };
		63C109E22555FF830097EDC3 /* ActivityIndicatorWrapper.swift in Sources */ = {isa = PBXBuildFile; fileRef = 63C109D52555FF830097EDC3 /* ActivityIndicatorWrapper.swift */; };
		63C109E32555FF830097EDC3 /* BaseLayoutConstraint.swift in Sources */ = {isa = PBXBuildFile; fileRef = 63C109D62555FF830097EDC3 /* BaseLayoutConstraint.swift */; };
		DC98A6015EEAC46EA613C792 /* Pods_Pulse.framework in Frameworks */ = {isa = PBXBuildFile; fileRef = 5ED7BDDD5D6A29D890338494 /* Pods_Pulse.framework */; };
/* End PBXBuildFile section */

/* Begin PBXFileReference section */
		5680797938EF3C26D37613FD /* Pods-Pulse.release.xcconfig */ = {isa = PBXFileReference; includeInIndex = 1; lastKnownFileType = text.xcconfig; name = "Pods-Pulse.release.xcconfig"; path = "Target Support Files/Pods-Pulse/Pods-Pulse.release.xcconfig"; sourceTree = "<group>"; };
		5ED7BDDD5D6A29D890338494 /* Pods_Pulse.framework */ = {isa = PBXFileReference; explicitFileType = wrapper.framework; includeInIndex = 0; path = Pods_Pulse.framework; sourceTree = BUILT_PRODUCTS_DIR; };
		63629AB125560B41003836A2 /* BaseNavigationViewController.swift */ = {isa = PBXFileReference; fileEncoding = 4; lastKnownFileType = sourcecode.swift; path = BaseNavigationViewController.swift; sourceTree = "<group>"; };
		63629AEE25560F30003836A2 /* SplashViewController.swift */ = {isa = PBXFileReference; lastKnownFileType = sourcecode.swift; path = SplashViewController.swift; sourceTree = "<group>"; };
		63629AF225560F43003836A2 /* Splash.storyboard */ = {isa = PBXFileReference; lastKnownFileType = file.storyboard; path = Splash.storyboard; sourceTree = "<group>"; };
		63629AF625560F83003836A2 /* SplashBuilder.swift */ = {isa = PBXFileReference; lastKnownFileType = sourcecode.swift; path = SplashBuilder.swift; sourceTree = "<group>"; };
		63629AFB25560FAE003836A2 /* SplashViewModel.swift */ = {isa = PBXFileReference; lastKnownFileType = sourcecode.swift; path = SplashViewModel.swift; sourceTree = "<group>"; };
		63629AFF25560FF5003836A2 /* BaseViewController.swift */ = {isa = PBXFileReference; lastKnownFileType = sourcecode.swift; path = BaseViewController.swift; sourceTree = "<group>"; };
		63629B0225561049003836A2 /* BaseUIButton.swift */ = {isa = PBXFileReference; fileEncoding = 4; lastKnownFileType = sourcecode.swift; path = BaseUIButton.swift; sourceTree = "<group>"; };
		63629B0325561049003836A2 /* BaseUIImageView.swift */ = {isa = PBXFileReference; fileEncoding = 4; lastKnownFileType = sourcecode.swift; path = BaseUIImageView.swift; sourceTree = "<group>"; };
		63629B0425561049003836A2 /* BaseParallaxHeaderView.swift */ = {isa = PBXFileReference; fileEncoding = 4; lastKnownFileType = sourcecode.swift; path = BaseParallaxHeaderView.swift; sourceTree = "<group>"; };
		63629B0525561049003836A2 /* BaseUITextfield.swift */ = {isa = PBXFileReference; fileEncoding = 4; lastKnownFileType = sourcecode.swift; path = BaseUITextfield.swift; sourceTree = "<group>"; };
		63629B0625561049003836A2 /* BaseUILabel.swift */ = {isa = PBXFileReference; fileEncoding = 4; lastKnownFileType = sourcecode.swift; path = BaseUILabel.swift; sourceTree = "<group>"; };
		63629B0E25561071003836A2 /* HeaderViewController.swift */ = {isa = PBXFileReference; fileEncoding = 4; lastKnownFileType = sourcecode.swift; path = HeaderViewController.swift; sourceTree = "<group>"; };
		63629B0F25561071003836A2 /* HeaderView.swift */ = {isa = PBXFileReference; fileEncoding = 4; lastKnownFileType = sourcecode.swift; path = HeaderView.swift; sourceTree = "<group>"; };
		63629B1025561071003836A2 /* FooterView.swift */ = {isa = PBXFileReference; fileEncoding = 4; lastKnownFileType = sourcecode.swift; path = FooterView.swift; sourceTree = "<group>"; };
		63629B1125561071003836A2 /* Footer.xib */ = {isa = PBXFileReference; fileEncoding = 4; lastKnownFileType = file.xib; path = Footer.xib; sourceTree = "<group>"; };
		63629B1225561071003836A2 /* HeaderView.xib */ = {isa = PBXFileReference; fileEncoding = 4; lastKnownFileType = file.xib; path = HeaderView.xib; sourceTree = "<group>"; };
		63629B1E255611E8003836A2 /* RightMenuViewModel.swift */ = {isa = PBXFileReference; fileEncoding = 4; lastKnownFileType = sourcecode.swift; path = RightMenuViewModel.swift; sourceTree = "<group>"; };
		63629B21255611EE003836A2 /* RightMenu.storyboard */ = {isa = PBXFileReference; fileEncoding = 4; lastKnownFileType = file.storyboard; path = RightMenu.storyboard; sourceTree = "<group>"; };
		63629B23255611EE003836A2 /* RightMenuViewController.swift */ = {isa = PBXFileReference; fileEncoding = 4; lastKnownFileType = sourcecode.swift; path = RightMenuViewController.swift; sourceTree = "<group>"; };
		63629B2A2556122C003836A2 /* RightMenuTableViewCell.swift */ = {isa = PBXFileReference; fileEncoding = 4; lastKnownFileType = sourcecode.swift; path = RightMenuTableViewCell.swift; sourceTree = "<group>"; };
		63629B2D25561246003836A2 /* RghtMenuBuilder.swift */ = {isa = PBXFileReference; fileEncoding = 4; lastKnownFileType = sourcecode.swift; path = RghtMenuBuilder.swift; sourceTree = "<group>"; };
		6372E67F2557DA1500A03E01 /* ConfirmPasswordViewController.swift */ = {isa = PBXFileReference; lastKnownFileType = sourcecode.swift; path = ConfirmPasswordViewController.swift; sourceTree = "<group>"; };
		6372E6822557DA2000A03E01 /* ConfirmPasswordViewModel.swift */ = {isa = PBXFileReference; lastKnownFileType = sourcecode.swift; path = ConfirmPasswordViewModel.swift; sourceTree = "<group>"; };
		6372E6852557DA2900A03E01 /* ConfirmPasswordBuilder.swift */ = {isa = PBXFileReference; lastKnownFileType = sourcecode.swift; path = ConfirmPasswordBuilder.swift; sourceTree = "<group>"; };
		6372E69E2557F64B00A03E01 /* Dashboard.storyboard */ = {isa = PBXFileReference; lastKnownFileType = file.storyboard; path = Dashboard.storyboard; sourceTree = "<group>"; };
		6372E6A12557F8BB00A03E01 /* DashboardViewController.swift */ = {isa = PBXFileReference; lastKnownFileType = sourcecode.swift; path = DashboardViewController.swift; sourceTree = "<group>"; };
		6372E6A42557F94C00A03E01 /* DashboardBuilder.swift */ = {isa = PBXFileReference; lastKnownFileType = sourcecode.swift; path = DashboardBuilder.swift; sourceTree = "<group>"; };
		6372E6A72557F96700A03E01 /* DashboardViewModel.swift */ = {isa = PBXFileReference; lastKnownFileType = sourcecode.swift; path = DashboardViewModel.swift; sourceTree = "<group>"; };
		6372E6AA2557FC5D00A03E01 /* TopStoriesViewController.swift */ = {isa = PBXFileReference; lastKnownFileType = sourcecode.swift; path = TopStoriesViewController.swift; sourceTree = "<group>"; };
		6372E6B32558016300A03E01 /* TopStoriesTableViewCell.swift */ = {isa = PBXFileReference; lastKnownFileType = sourcecode.swift; path = TopStoriesTableViewCell.swift; sourceTree = "<group>"; };
		6372E6B42558016300A03E01 /* TopStoriesTableViewCell.xib */ = {isa = PBXFileReference; lastKnownFileType = file.xib; path = TopStoriesTableViewCell.xib; sourceTree = "<group>"; };
		6372E6B82558018100A03E01 /* TopStoriesViewModel.swift */ = {isa = PBXFileReference; lastKnownFileType = sourcecode.swift; path = TopStoriesViewModel.swift; sourceTree = "<group>"; };
		6372E6BB2558018B00A03E01 /* TopStoriesCellViewModel.swift */ = {isa = PBXFileReference; lastKnownFileType = sourcecode.swift; path = TopStoriesCellViewModel.swift; sourceTree = "<group>"; };
		6372E6D0255804F600A03E01 /* UITextView+Extension.swift */ = {isa = PBXFileReference; lastKnownFileType = sourcecode.swift; path = "UITextView+Extension.swift"; sourceTree = "<group>"; };
		6372E6D32558121E00A03E01 /* BaseUIView.swift */ = {isa = PBXFileReference; lastKnownFileType = sourcecode.swift; path = BaseUIView.swift; sourceTree = "<group>"; };
		639F037E2556D44600772893 /* LoginViewController.swift */ = {isa = PBXFileReference; lastKnownFileType = sourcecode.swift; path = LoginViewController.swift; sourceTree = "<group>"; };
		639F03812556D45600772893 /* LoginViewModel.swift */ = {isa = PBXFileReference; lastKnownFileType = sourcecode.swift; path = LoginViewModel.swift; sourceTree = "<group>"; };
		639F03842556D46000772893 /* LoginBuilder.swift */ = {isa = PBXFileReference; lastKnownFileType = sourcecode.swift; path = LoginBuilder.swift; sourceTree = "<group>"; };
		639F038D2556D54F00772893 /* Authentication.storyboard */ = {isa = PBXFileReference; lastKnownFileType = file.storyboard; path = Authentication.storyboard; sourceTree = "<group>"; };
		639F03902556D57C00772893 /* ForgetPasswordViewController.swift */ = {isa = PBXFileReference; lastKnownFileType = sourcecode.swift; path = ForgetPasswordViewController.swift; sourceTree = "<group>"; };
		639F03932556D72400772893 /* ForgetPasswordViewModel.swift */ = {isa = PBXFileReference; lastKnownFileType = sourcecode.swift; path = ForgetPasswordViewModel.swift; sourceTree = "<group>"; };
		639F03972556D73200772893 /* ForgetPasswordBuilder.swift */ = {isa = PBXFileReference; lastKnownFileType = sourcecode.swift; path = ForgetPasswordBuilder.swift; sourceTree = "<group>"; };
		63C109732555EF0B0097EDC3 /* Pulse.app */ = {isa = PBXFileReference; explicitFileType = wrapper.application; includeInIndex = 0; path = Pulse.app; sourceTree = BUILT_PRODUCTS_DIR; };
		63C109762555EF0B0097EDC3 /* AppDelegate.swift */ = {isa = PBXFileReference; lastKnownFileType = sourcecode.swift; path = AppDelegate.swift; sourceTree = "<group>"; };
		63C109782555EF0B0097EDC3 /* SceneDelegate.swift */ = {isa = PBXFileReference; lastKnownFileType = sourcecode.swift; path = SceneDelegate.swift; sourceTree = "<group>"; };
		63C1097F2555EF0C0097EDC3 /* Assets.xcassets */ = {isa = PBXFileReference; lastKnownFileType = folder.assetcatalog; path = Assets.xcassets; sourceTree = "<group>"; };
		63C109822555EF0C0097EDC3 /* Base */ = {isa = PBXFileReference; lastKnownFileType = file.storyboard; name = Base; path = Base.lproj/LaunchScreen.storyboard; sourceTree = "<group>"; };
		63C109842555EF0C0097EDC3 /* Info.plist */ = {isa = PBXFileReference; lastKnownFileType = text.plist.xml; path = Info.plist; sourceTree = "<group>"; };
		63C109C02555FF740097EDC3 /* BaseRepository.swift */ = {isa = PBXFileReference; fileEncoding = 4; lastKnownFileType = sourcecode.swift; path = BaseRepository.swift; sourceTree = "<group>"; };
		63C109C32555FF7C0097EDC3 /* AppRouter.swift */ = {isa = PBXFileReference; fileEncoding = 4; lastKnownFileType = sourcecode.swift; path = AppRouter.swift; sourceTree = "<group>"; };
		63C109C42555FF7C0097EDC3 /* Constants.swift */ = {isa = PBXFileReference; fileEncoding = 4; lastKnownFileType = sourcecode.swift; path = Constants.swift; sourceTree = "<group>"; };
		63C109C52555FF7C0097EDC3 /* Enum.swift */ = {isa = PBXFileReference; fileEncoding = 4; lastKnownFileType = sourcecode.swift; path = Enum.swift; sourceTree = "<group>"; };
		63C109CA2555FF830097EDC3 /* UIDeviceExtension.swift */ = {isa = PBXFileReference; fileEncoding = 4; lastKnownFileType = sourcecode.swift; path = UIDeviceExtension.swift; sourceTree = "<group>"; };
		63C109CB2555FF830097EDC3 /* FacebookSharing.swift */ = {isa = PBXFileReference; fileEncoding = 4; lastKnownFileType = sourcecode.swift; path = FacebookSharing.swift; sourceTree = "<group>"; };
		63C109CC2555FF830097EDC3 /* Alert.swift */ = {isa = PBXFileReference; fileEncoding = 4; lastKnownFileType = sourcecode.swift; path = Alert.swift; sourceTree = "<group>"; };
		63C109CD2555FF830097EDC3 /* RoundedUiView.swift */ = {isa = PBXFileReference; fileEncoding = 4; lastKnownFileType = sourcecode.swift; path = RoundedUiView.swift; sourceTree = "<group>"; };
		63C109CE2555FF830097EDC3 /* ImagePicker.swift */ = {isa = PBXFileReference; fileEncoding = 4; lastKnownFileType = sourcecode.swift; path = ImagePicker.swift; sourceTree = "<group>"; };
		63C109CF2555FF830097EDC3 /* DesignUtility.swift */ = {isa = PBXFileReference; fileEncoding = 4; lastKnownFileType = sourcecode.swift; path = DesignUtility.swift; sourceTree = "<group>"; };
		63C109D02555FF830097EDC3 /* Extensions.swift */ = {isa = PBXFileReference; fileEncoding = 4; lastKnownFileType = sourcecode.swift; path = Extensions.swift; sourceTree = "<group>"; };
		63C109D12555FF830097EDC3 /* ArchiveUtils.swift */ = {isa = PBXFileReference; fileEncoding = 4; lastKnownFileType = sourcecode.swift; path = ArchiveUtils.swift; sourceTree = "<group>"; };
		63C109D22555FF830097EDC3 /* Utilities.swift */ = {isa = PBXFileReference; fileEncoding = 4; lastKnownFileType = sourcecode.swift; path = Utilities.swift; sourceTree = "<group>"; };
		63C109D32555FF830097EDC3 /* DatePickerExtension.swift */ = {isa = PBXFileReference; fileEncoding = 4; lastKnownFileType = sourcecode.swift; path = DatePickerExtension.swift; sourceTree = "<group>"; };
		63C109D42555FF830097EDC3 /* ToolbarPickerView.swift */ = {isa = PBXFileReference; fileEncoding = 4; lastKnownFileType = sourcecode.swift; path = ToolbarPickerView.swift; sourceTree = "<group>"; };
		63C109D52555FF830097EDC3 /* ActivityIndicatorWrapper.swift */ = {isa = PBXFileReference; fileEncoding = 4; lastKnownFileType = sourcecode.swift; path = ActivityIndicatorWrapper.swift; sourceTree = "<group>"; };
		63C109D62555FF830097EDC3 /* BaseLayoutConstraint.swift */ = {isa = PBXFileReference; fileEncoding = 4; lastKnownFileType = sourcecode.swift; path = BaseLayoutConstraint.swift; sourceTree = "<group>"; };
		F117E6E1CFF5E48468622CD6 /* Pods-Pulse.debug.xcconfig */ = {isa = PBXFileReference; includeInIndex = 1; lastKnownFileType = text.xcconfig; name = "Pods-Pulse.debug.xcconfig"; path = "Target Support Files/Pods-Pulse/Pods-Pulse.debug.xcconfig"; sourceTree = "<group>"; };
/* End PBXFileReference section */

/* Begin PBXFrameworksBuildPhase section */
		63C109702555EF0B0097EDC3 /* Frameworks */ = {
			isa = PBXFrameworksBuildPhase;
			buildActionMask = 2147483647;
			files = (
				DC98A6015EEAC46EA613C792 /* Pods_Pulse.framework in Frameworks */,
			);
			runOnlyForDeploymentPostprocessing = 0;
		};
/* End PBXFrameworksBuildPhase section */

/* Begin PBXGroup section */
		442CA713746B81744D2AC55E /* Frameworks */ = {
			isa = PBXGroup;
			children = (
				5ED7BDDD5D6A29D890338494 /* Pods_Pulse.framework */,
			);
			name = Frameworks;
			sourceTree = "<group>";
		};
		63629AB025560B31003836A2 /* Base */ = {
			isa = PBXGroup;
			children = (
				63629B0425561049003836A2 /* BaseParallaxHeaderView.swift */,
				63629B0225561049003836A2 /* BaseUIButton.swift */,
				63629B0325561049003836A2 /* BaseUIImageView.swift */,
				63629B0625561049003836A2 /* BaseUILabel.swift */,
				63629B0525561049003836A2 /* BaseUITextfield.swift */,
				63629AB125560B41003836A2 /* BaseNavigationViewController.swift */,
				63629AFF25560FF5003836A2 /* BaseViewController.swift */,
				6372E6D32558121E00A03E01 /* BaseUIView.swift */,
			);
			path = Base;
			sourceTree = "<group>";
		};
		63629AEC25560EF8003836A2 /* Splash */ = {
			isa = PBXGroup;
			children = (
				63629AFA25560F9D003836A2 /* ViewModel */,
				63629AF525560F78003836A2 /* Builder */,
				63629AED25560F05003836A2 /* View */,
			);
			path = Splash;
			sourceTree = "<group>";
		};
		63629AED25560F05003836A2 /* View */ = {
			isa = PBXGroup;
			children = (
				63629AEE25560F30003836A2 /* SplashViewController.swift */,
				63629AF225560F43003836A2 /* Splash.storyboard */,
			);
			path = View;
			sourceTree = "<group>";
		};
		63629AF525560F78003836A2 /* Builder */ = {
			isa = PBXGroup;
			children = (
				63629AF625560F83003836A2 /* SplashBuilder.swift */,
			);
			path = Builder;
			sourceTree = "<group>";
		};
		63629AFA25560F9D003836A2 /* ViewModel */ = {
			isa = PBXGroup;
			children = (
				63629AFB25560FAE003836A2 /* SplashViewModel.swift */,
			);
			path = ViewModel;
			sourceTree = "<group>";
		};
		63629B0D25561062003836A2 /* HeaderView */ = {
			isa = PBXGroup;
			children = (
				63629B1125561071003836A2 /* Footer.xib */,
				63629B1025561071003836A2 /* FooterView.swift */,
				63629B0F25561071003836A2 /* HeaderView.swift */,
				63629B1225561071003836A2 /* HeaderView.xib */,
				63629B0E25561071003836A2 /* HeaderViewController.swift */,
			);
			path = HeaderView;
			sourceTree = "<group>";
		};
		63629B1A25561190003836A2 /* RightMenu */ = {
			isa = PBXGroup;
			children = (
				63629B1D2556119F003836A2 /* ViewModel */,
				63629B1C2556119B003836A2 /* View */,
				63629B1B25561196003836A2 /* Builder */,
			);
			path = RightMenu;
			sourceTree = "<group>";
		};
		63629B1B25561196003836A2 /* Builder */ = {
			isa = PBXGroup;
			children = (
				63629B2D25561246003836A2 /* RghtMenuBuilder.swift */,
			);
			path = Builder;
			sourceTree = "<group>";
		};
		63629B1C2556119B003836A2 /* View */ = {
			isa = PBXGroup;
			children = (
				63629B29255611F5003836A2 /* Cell */,
				63629B21255611EE003836A2 /* RightMenu.storyboard */,
				63629B23255611EE003836A2 /* RightMenuViewController.swift */,
			);
			path = View;
			sourceTree = "<group>";
		};
		63629B1D2556119F003836A2 /* ViewModel */ = {
			isa = PBXGroup;
			children = (
				63629B1E255611E8003836A2 /* RightMenuViewModel.swift */,
			);
			path = ViewModel;
			sourceTree = "<group>";
		};
		63629B29255611F5003836A2 /* Cell */ = {
			isa = PBXGroup;
			children = (
				63629B2A2556122C003836A2 /* RightMenuTableViewCell.swift */,
			);
			path = Cell;
			sourceTree = "<group>";
		};
		6372E6792557D65800A03E01 /* Confirm Password */ = {
			isa = PBXGroup;
			children = (
				6372E67D2557D69500A03E01 /* View */,
				6372E67C2557D69200A03E01 /* ViewModel */,
				6372E67B2557D69000A03E01 /* Builder */,
			);
			path = "Confirm Password";
			sourceTree = "<group>";
		};
		6372E67B2557D69000A03E01 /* Builder */ = {
			isa = PBXGroup;
			children = (
				6372E6852557DA2900A03E01 /* ConfirmPasswordBuilder.swift */,
			);
			path = Builder;
			sourceTree = "<group>";
		};
		6372E67C2557D69200A03E01 /* ViewModel */ = {
			isa = PBXGroup;
			children = (
				6372E6822557DA2000A03E01 /* ConfirmPasswordViewModel.swift */,
			);
			path = ViewModel;
			sourceTree = "<group>";
		};
		6372E67D2557D69500A03E01 /* View */ = {
			isa = PBXGroup;
			children = (
				6372E67F2557DA1500A03E01 /* ConfirmPasswordViewController.swift */,
			);
			path = View;
			sourceTree = "<group>";
		};
		6372E6992557E4E900A03E01 /* Dashboard */ = {
			isa = PBXGroup;
			children = (
				6372E69D2557F63C00A03E01 /* Builder */,
				6372E69C2557F63400A03E01 /* ViewModel */,
				6372E69B2557F63100A03E01 /* View */,
			);
			path = Dashboard;
			sourceTree = "<group>";
		};
		6372E69B2557F63100A03E01 /* View */ = {
			isa = PBXGroup;
			children = (
				6372E6AD2558012100A03E01 /* TopStories */,
				6372E69E2557F64B00A03E01 /* Dashboard.storyboard */,
				6372E6A12557F8BB00A03E01 /* DashboardViewController.swift */,
			);
			path = View;
			sourceTree = "<group>";
		};
		6372E69C2557F63400A03E01 /* ViewModel */ = {
			isa = PBXGroup;
			children = (
				6372E6AE2558012E00A03E01 /* TopStories */,
				6372E6A72557F96700A03E01 /* DashboardViewModel.swift */,
			);
			path = ViewModel;
			sourceTree = "<group>";
		};
		6372E69D2557F63C00A03E01 /* Builder */ = {
			isa = PBXGroup;
			children = (
				6372E6A42557F94C00A03E01 /* DashboardBuilder.swift */,
			);
			path = Builder;
			sourceTree = "<group>";
		};
		6372E6AD2558012100A03E01 /* TopStories */ = {
			isa = PBXGroup;
			children = (
				6372E6AA2557FC5D00A03E01 /* TopStoriesViewController.swift */,
				6372E6B32558016300A03E01 /* TopStoriesTableViewCell.swift */,
				6372E6B42558016300A03E01 /* TopStoriesTableViewCell.xib */,
			);
			path = TopStories;
			sourceTree = "<group>";
		};
		6372E6AE2558012E00A03E01 /* TopStories */ = {
			isa = PBXGroup;
			children = (
				6372E6B82558018100A03E01 /* TopStoriesViewModel.swift */,
				6372E6BB2558018B00A03E01 /* TopStoriesCellViewModel.swift */,
			);
			path = TopStories;
			sourceTree = "<group>";
		};
		639F037A2556D41C00772893 /* Login */ = {
			isa = PBXGroup;
			children = (
				639F037D2556D42D00772893 /* View */,
				639F037C2556D42C00772893 /* ViewModel */,
				639F037B2556D42A00772893 /* Builder */,
			);
			path = Login;
			sourceTree = "<group>";
		};
		639F037B2556D42A00772893 /* Builder */ = {
			isa = PBXGroup;
			children = (
				639F03842556D46000772893 /* LoginBuilder.swift */,
			);
			path = Builder;
			sourceTree = "<group>";
		};
		639F037C2556D42C00772893 /* ViewModel */ = {
			isa = PBXGroup;
			children = (
				639F03812556D45600772893 /* LoginViewModel.swift */,
			);
			path = ViewModel;
			sourceTree = "<group>";
		};
		639F037D2556D42D00772893 /* View */ = {
			isa = PBXGroup;
			children = (
				639F037E2556D44600772893 /* LoginViewController.swift */,
			);
			path = View;
			sourceTree = "<group>";
		};
		639F03872556D52800772893 /* Authentication */ = {
			isa = PBXGroup;
			children = (
				6372E6792557D65800A03E01 /* Confirm Password */,
				639F039B2556D78100772893 /* View */,
				639F03892556D52F00772893 /* ForgetPassword */,
				639F037A2556D41C00772893 /* Login */,
			);
			path = Authentication;
			sourceTree = "<group>";
		};
		639F03892556D52F00772893 /* ForgetPassword */ = {
			isa = PBXGroup;
			children = (
				639F038C2556D53E00772893 /* View */,
				639F038B2556D53C00772893 /* ViewModel */,
				639F038A2556D53600772893 /* Builder */,
			);
			path = ForgetPassword;
			sourceTree = "<group>";
		};
		639F038A2556D53600772893 /* Builder */ = {
			isa = PBXGroup;
			children = (
				639F03972556D73200772893 /* ForgetPasswordBuilder.swift */,
			);
			path = Builder;
			sourceTree = "<group>";
		};
		639F038B2556D53C00772893 /* ViewModel */ = {
			isa = PBXGroup;
			children = (
				639F03932556D72400772893 /* ForgetPasswordViewModel.swift */,
			);
			path = ViewModel;
			sourceTree = "<group>";
		};
		639F038C2556D53E00772893 /* View */ = {
			isa = PBXGroup;
			children = (
				639F03902556D57C00772893 /* ForgetPasswordViewController.swift */,
			);
			path = View;
			sourceTree = "<group>";
		};
		639F039B2556D78100772893 /* View */ = {
			isa = PBXGroup;
			children = (
				639F038D2556D54F00772893 /* Authentication.storyboard */,
			);
			path = View;
			sourceTree = "<group>";
		};
		63C1096A2555EF0B0097EDC3 = {
			isa = PBXGroup;
			children = (
				63C109752555EF0B0097EDC3 /* Pulse */,
				63C109742555EF0B0097EDC3 /* Products */,
				9728CED94A496155CBC3F241 /* Pods */,
				442CA713746B81744D2AC55E /* Frameworks */,
			);
			sourceTree = "<group>";
		};
		63C109742555EF0B0097EDC3 /* Products */ = {
			isa = PBXGroup;
			children = (
				63C109732555EF0B0097EDC3 /* Pulse.app */,
			);
			name = Products;
			sourceTree = "<group>";
		};
		63C109752555EF0B0097EDC3 /* Pulse */ = {
			isa = PBXGroup;
			children = (
				63C109B42555F6EA0097EDC3 /* Source */,
				63C109A82555F48E0097EDC3 /* Supporting Files */,
				63C1098C2555F43D0097EDC3 /* Resources */,
			);
			path = Pulse;
			sourceTree = "<group>";
		};
		63C1098C2555F43D0097EDC3 /* Resources */ = {
			isa = PBXGroup;
			children = (
				63C1097F2555EF0C0097EDC3 /* Assets.xcassets */,
			);
			path = Resources;
			sourceTree = "<group>";
		};
		63C109A82555F48E0097EDC3 /* Supporting Files */ = {
			isa = PBXGroup;
			children = (
				63C109762555EF0B0097EDC3 /* AppDelegate.swift */,
				63C109782555EF0B0097EDC3 /* SceneDelegate.swift */,
				63C109812555EF0C0097EDC3 /* LaunchScreen.storyboard */,
				63C109842555EF0C0097EDC3 /* Info.plist */,
			);
			path = "Supporting Files";
			sourceTree = "<group>";
		};
		63C109B42555F6EA0097EDC3 /* Source */ = {
			isa = PBXGroup;
			children = (
				63C109B92555F7100097EDC3 /* Repository */,
				63C109B82555F70C0097EDC3 /* Model */,
				63C109B72555F7060097EDC3 /* Common */,
				63C109B62555F6F70097EDC3 /* Helper */,
				63C109B52555F6EF0097EDC3 /* Modules */,
			);
			path = Source;
			sourceTree = "<group>";
		};
		63C109B52555F6EF0097EDC3 /* Modules */ = {
			isa = PBXGroup;
			children = (
				6372E6992557E4E900A03E01 /* Dashboard */,
				639F03872556D52800772893 /* Authentication */,
				63629B1A25561190003836A2 /* RightMenu */,
				63629B0D25561062003836A2 /* HeaderView */,
				63629AEC25560EF8003836A2 /* Splash */,
				63629AB025560B31003836A2 /* Base */,
			);
			path = Modules;
			sourceTree = "<group>";
		};
		63C109B62555F6F70097EDC3 /* Helper */ = {
			isa = PBXGroup;
			children = (
				63C109D52555FF830097EDC3 /* ActivityIndicatorWrapper.swift */,
				63C109CC2555FF830097EDC3 /* Alert.swift */,
				63C109D12555FF830097EDC3 /* ArchiveUtils.swift */,
				63C109D62555FF830097EDC3 /* BaseLayoutConstraint.swift */,
				63C109D32555FF830097EDC3 /* DatePickerExtension.swift */,
				63C109CF2555FF830097EDC3 /* DesignUtility.swift */,
				63C109D02555FF830097EDC3 /* Extensions.swift */,
				63C109CB2555FF830097EDC3 /* FacebookSharing.swift */,
				63C109CE2555FF830097EDC3 /* ImagePicker.swift */,
				63C109CD2555FF830097EDC3 /* RoundedUiView.swift */,
				63C109D42555FF830097EDC3 /* ToolbarPickerView.swift */,
				63C109CA2555FF830097EDC3 /* UIDeviceExtension.swift */,
				63C109D22555FF830097EDC3 /* Utilities.swift */,
				6372E6D0255804F600A03E01 /* UITextView+Extension.swift */,
			);
			path = Helper;
			sourceTree = "<group>";
		};
		63C109B72555F7060097EDC3 /* Common */ = {
			isa = PBXGroup;
			children = (
				63C109C32555FF7C0097EDC3 /* AppRouter.swift */,
				63C109C42555FF7C0097EDC3 /* Constants.swift */,
				63C109C52555FF7C0097EDC3 /* Enum.swift */,
			);
			path = Common;
			sourceTree = "<group>";
		};
		63C109B82555F70C0097EDC3 /* Model */ = {
			isa = PBXGroup;
			children = (
			);
			path = Model;
			sourceTree = "<group>";
		};
		63C109B92555F7100097EDC3 /* Repository */ = {
			isa = PBXGroup;
			children = (
				63C109C02555FF740097EDC3 /* BaseRepository.swift */,
			);
			path = Repository;
			sourceTree = "<group>";
		};
		9728CED94A496155CBC3F241 /* Pods */ = {
			isa = PBXGroup;
			children = (
				F117E6E1CFF5E48468622CD6 /* Pods-Pulse.debug.xcconfig */,
				5680797938EF3C26D37613FD /* Pods-Pulse.release.xcconfig */,
			);
			path = Pods;
			sourceTree = "<group>";
		};
/* End PBXGroup section */

/* Begin PBXNativeTarget section */
		63C109722555EF0B0097EDC3 /* Pulse */ = {
			isa = PBXNativeTarget;
			buildConfigurationList = 63C109872555EF0C0097EDC3 /* Build configuration list for PBXNativeTarget "Pulse" */;
			buildPhases = (
				84AEBB7FF0D0652A5E5118FC /* [CP] Check Pods Manifest.lock */,
				63C1096F2555EF0B0097EDC3 /* Sources */,
				63C109702555EF0B0097EDC3 /* Frameworks */,
				63C109712555EF0B0097EDC3 /* Resources */,
				13E98C07228A9DFD00CADFAA /* [CP] Embed Pods Frameworks */,
			);
			buildRules = (
			);
			dependencies = (
			);
			name = Pulse;
			productName = Pulse;
			productReference = 63C109732555EF0B0097EDC3 /* Pulse.app */;
			productType = "com.apple.product-type.application";
		};
/* End PBXNativeTarget section */

/* Begin PBXProject section */
		63C1096B2555EF0B0097EDC3 /* Project object */ = {
			isa = PBXProject;
			attributes = {
				LastSwiftUpdateCheck = 1210;
				LastUpgradeCheck = 1210;
				TargetAttributes = {
					63C109722555EF0B0097EDC3 = {
						CreatedOnToolsVersion = 12.1;
					};
				};
			};
			buildConfigurationList = 63C1096E2555EF0B0097EDC3 /* Build configuration list for PBXProject "Pulse" */;
			compatibilityVersion = "Xcode 9.3";
			developmentRegion = en;
			hasScannedForEncodings = 0;
			knownRegions = (
				en,
				Base,
			);
			mainGroup = 63C1096A2555EF0B0097EDC3;
			productRefGroup = 63C109742555EF0B0097EDC3 /* Products */;
			projectDirPath = "";
			projectRoot = "";
			targets = (
				63C109722555EF0B0097EDC3 /* Pulse */,
			);
		};
/* End PBXProject section */

/* Begin PBXResourcesBuildPhase section */
		63C109712555EF0B0097EDC3 /* Resources */ = {
			isa = PBXResourcesBuildPhase;
			buildActionMask = 2147483647;
			files = (
				63C109832555EF0C0097EDC3 /* LaunchScreen.storyboard in Resources */,
				639F038E2556D54F00772893 /* Authentication.storyboard in Resources */,
				63629B1725561071003836A2 /* HeaderView.xib in Resources */,
				6372E69F2557F64B00A03E01 /* Dashboard.storyboard in Resources */,
				63629B24255611EE003836A2 /* RightMenu.storyboard in Resources */,
				63C109802555EF0C0097EDC3 /* Assets.xcassets in Resources */,
				6372E6B62558016300A03E01 /* TopStoriesTableViewCell.xib in Resources */,
				63629B1625561071003836A2 /* Footer.xib in Resources */,
				63629AF325560F43003836A2 /* Splash.storyboard in Resources */,
			);
			runOnlyForDeploymentPostprocessing = 0;
		};
/* End PBXResourcesBuildPhase section */

/* Begin PBXShellScriptBuildPhase section */
		13E98C07228A9DFD00CADFAA /* [CP] Embed Pods Frameworks */ = {
			isa = PBXShellScriptBuildPhase;
			buildActionMask = 2147483647;
			files = (
			);
			inputFileListPaths = (
				"${PODS_ROOT}/Target Support Files/Pods-Pulse/Pods-Pulse-frameworks-${CONFIGURATION}-input-files.xcfilelist",
			);
			name = "[CP] Embed Pods Frameworks";
			outputFileListPaths = (
				"${PODS_ROOT}/Target Support Files/Pods-Pulse/Pods-Pulse-frameworks-${CONFIGURATION}-output-files.xcfilelist",
			);
			runOnlyForDeploymentPostprocessing = 0;
			shellPath = /bin/sh;
			shellScript = "\"${PODS_ROOT}/Target Support Files/Pods-Pulse/Pods-Pulse-frameworks.sh\"\n";
			showEnvVarsInLog = 0;
		};
		84AEBB7FF0D0652A5E5118FC /* [CP] Check Pods Manifest.lock */ = {
			isa = PBXShellScriptBuildPhase;
			buildActionMask = 2147483647;
			files = (
			);
			inputFileListPaths = (
			);
			inputPaths = (
				"${PODS_PODFILE_DIR_PATH}/Podfile.lock",
				"${PODS_ROOT}/Manifest.lock",
			);
			name = "[CP] Check Pods Manifest.lock";
			outputFileListPaths = (
			);
			outputPaths = (
				"$(DERIVED_FILE_DIR)/Pods-Pulse-checkManifestLockResult.txt",
			);
			runOnlyForDeploymentPostprocessing = 0;
			shellPath = /bin/sh;
			shellScript = "diff \"${PODS_PODFILE_DIR_PATH}/Podfile.lock\" \"${PODS_ROOT}/Manifest.lock\" > /dev/null\nif [ $? != 0 ] ; then\n    # print error to STDERR\n    echo \"error: The sandbox is not in sync with the Podfile.lock. Run 'pod install' or update your CocoaPods installation.\" >&2\n    exit 1\nfi\n# This output is used by Xcode 'outputs' to avoid re-running this script phase.\necho \"SUCCESS\" > \"${SCRIPT_OUTPUT_FILE_0}\"\n";
			showEnvVarsInLog = 0;
		};
/* End PBXShellScriptBuildPhase section */

/* Begin PBXSourcesBuildPhase section */
		63C1096F2555EF0B0097EDC3 /* Sources */ = {
			isa = PBXSourcesBuildPhase;
			buildActionMask = 2147483647;
			files = (
				63629B1F255611E8003836A2 /* RightMenuViewModel.swift in Sources */,
				6372E6A22557F8BB00A03E01 /* DashboardViewController.swift in Sources */,
				63C109DC2555FF830097EDC3 /* DesignUtility.swift in Sources */,
				63C109D92555FF830097EDC3 /* Alert.swift in Sources */,
				63C109C72555FF7C0097EDC3 /* Constants.swift in Sources */,
				63629B0725561049003836A2 /* BaseUIButton.swift in Sources */,
				6372E6802557DA1500A03E01 /* ConfirmPasswordViewController.swift in Sources */,
				6372E6832557DA2000A03E01 /* ConfirmPasswordViewModel.swift in Sources */,
				63629AB225560B41003836A2 /* BaseNavigationViewController.swift in Sources */,
				63C109DF2555FF830097EDC3 /* Utilities.swift in Sources */,
				63629B0025560FF5003836A2 /* BaseViewController.swift in Sources */,
				639F03982556D73200772893 /* ForgetPasswordBuilder.swift in Sources */,
				63C109C62555FF7C0097EDC3 /* AppRouter.swift in Sources */,
				63C109C82555FF7C0097EDC3 /* Enum.swift in Sources */,
				63629AF725560F83003836A2 /* SplashBuilder.swift in Sources */,
				63C109E22555FF830097EDC3 /* ActivityIndicatorWrapper.swift in Sources */,
				6372E6B92558018100A03E01 /* TopStoriesViewModel.swift in Sources */,
				63C109C12555FF740097EDC3 /* BaseRepository.swift in Sources */,
				63C109D72555FF830097EDC3 /* UIDeviceExtension.swift in Sources */,
				63C109E12555FF830097EDC3 /* ToolbarPickerView.swift in Sources */,
				63C109DA2555FF830097EDC3 /* RoundedUiView.swift in Sources */,
				63629B0825561049003836A2 /* BaseUIImageView.swift in Sources */,
				63629B2E25561246003836A2 /* RghtMenuBuilder.swift in Sources */,
				639F03852556D46000772893 /* LoginBuilder.swift in Sources */,
				6372E6BC2558018B00A03E01 /* TopStoriesCellViewModel.swift in Sources */,
				63629AEF25560F30003836A2 /* SplashViewController.swift in Sources */,
				63629B1325561071003836A2 /* HeaderViewController.swift in Sources */,
				63C109DD2555FF830097EDC3 /* Extensions.swift in Sources */,
				639F03912556D57C00772893 /* ForgetPasswordViewController.swift in Sources */,
				6372E6862557DA2900A03E01 /* ConfirmPasswordBuilder.swift in Sources */,
				63629B1425561071003836A2 /* HeaderView.swift in Sources */,
				63629B0A25561049003836A2 /* BaseUITextfield.swift in Sources */,
				63629B1525561071003836A2 /* FooterView.swift in Sources */,
				639F037F2556D44600772893 /* LoginViewController.swift in Sources */,
				63C109DB2555FF830097EDC3 /* ImagePicker.swift in Sources */,
				6372E6A52557F94C00A03E01 /* DashboardBuilder.swift in Sources */,
				63C109E32555FF830097EDC3 /* BaseLayoutConstraint.swift in Sources */,
				6372E6B52558016300A03E01 /* TopStoriesTableViewCell.swift in Sources */,
				63629B0B25561049003836A2 /* BaseUILabel.swift in Sources */,
				6372E6AB2557FC5D00A03E01 /* TopStoriesViewController.swift in Sources */,
				63629B2B2556122C003836A2 /* RightMenuTableViewCell.swift in Sources */,
				63C109772555EF0B0097EDC3 /* AppDelegate.swift in Sources */,
				63C109D82555FF830097EDC3 /* FacebookSharing.swift in Sources */,
				6372E6A82557F96700A03E01 /* DashboardViewModel.swift in Sources */,
				63C109E02555FF830097EDC3 /* DatePickerExtension.swift in Sources */,
				63C109DE2555FF830097EDC3 /* ArchiveUtils.swift in Sources */,
				63629B26255611EE003836A2 /* RightMenuViewController.swift in Sources */,
				639F03942556D72400772893 /* ForgetPasswordViewModel.swift in Sources */,
				63629AFC25560FAE003836A2 /* SplashViewModel.swift in Sources */,
				6372E6D1255804F600A03E01 /* UITextView+Extension.swift in Sources */,
				63629B0925561049003836A2 /* BaseParallaxHeaderView.swift in Sources */,
				639F03822556D45600772893 /* LoginViewModel.swift in Sources */,
				63C109792555EF0B0097EDC3 /* SceneDelegate.swift in Sources */,
				6372E6D42558121E00A03E01 /* BaseUIView.swift in Sources */,
			);
			runOnlyForDeploymentPostprocessing = 0;
		};
/* End PBXSourcesBuildPhase section */

/* Begin PBXVariantGroup section */
		63C109812555EF0C0097EDC3 /* LaunchScreen.storyboard */ = {
			isa = PBXVariantGroup;
			children = (
				63C109822555EF0C0097EDC3 /* Base */,
			);
			name = LaunchScreen.storyboard;
			sourceTree = "<group>";
		};
/* End PBXVariantGroup section */

/* Begin XCBuildConfiguration section */
		63C109852555EF0C0097EDC3 /* Debug */ = {
			isa = XCBuildConfiguration;
			buildSettings = {
				ALWAYS_SEARCH_USER_PATHS = NO;
				CLANG_ANALYZER_NONNULL = YES;
				CLANG_ANALYZER_NUMBER_OBJECT_CONVERSION = YES_AGGRESSIVE;
				CLANG_CXX_LANGUAGE_STANDARD = "gnu++14";
				CLANG_CXX_LIBRARY = "libc++";
				CLANG_ENABLE_MODULES = YES;
				CLANG_ENABLE_OBJC_ARC = YES;
				CLANG_ENABLE_OBJC_WEAK = YES;
				CLANG_WARN_BLOCK_CAPTURE_AUTORELEASING = YES;
				CLANG_WARN_BOOL_CONVERSION = YES;
				CLANG_WARN_COMMA = YES;
				CLANG_WARN_CONSTANT_CONVERSION = YES;
				CLANG_WARN_DEPRECATED_OBJC_IMPLEMENTATIONS = YES;
				CLANG_WARN_DIRECT_OBJC_ISA_USAGE = YES_ERROR;
				CLANG_WARN_DOCUMENTATION_COMMENTS = YES;
				CLANG_WARN_EMPTY_BODY = YES;
				CLANG_WARN_ENUM_CONVERSION = YES;
				CLANG_WARN_INFINITE_RECURSION = YES;
				CLANG_WARN_INT_CONVERSION = YES;
				CLANG_WARN_NON_LITERAL_NULL_CONVERSION = YES;
				CLANG_WARN_OBJC_IMPLICIT_RETAIN_SELF = YES;
				CLANG_WARN_OBJC_LITERAL_CONVERSION = YES;
				CLANG_WARN_OBJC_ROOT_CLASS = YES_ERROR;
				CLANG_WARN_QUOTED_INCLUDE_IN_FRAMEWORK_HEADER = YES;
				CLANG_WARN_RANGE_LOOP_ANALYSIS = YES;
				CLANG_WARN_STRICT_PROTOTYPES = YES;
				CLANG_WARN_SUSPICIOUS_MOVE = YES;
				CLANG_WARN_UNGUARDED_AVAILABILITY = YES_AGGRESSIVE;
				CLANG_WARN_UNREACHABLE_CODE = YES;
				CLANG_WARN__DUPLICATE_METHOD_MATCH = YES;
				COPY_PHASE_STRIP = NO;
				DEBUG_INFORMATION_FORMAT = dwarf;
				ENABLE_STRICT_OBJC_MSGSEND = YES;
				ENABLE_TESTABILITY = YES;
				GCC_C_LANGUAGE_STANDARD = gnu11;
				GCC_DYNAMIC_NO_PIC = NO;
				GCC_NO_COMMON_BLOCKS = YES;
				GCC_OPTIMIZATION_LEVEL = 0;
				GCC_PREPROCESSOR_DEFINITIONS = (
					"DEBUG=1",
					"$(inherited)",
				);
				GCC_WARN_64_TO_32_BIT_CONVERSION = YES;
				GCC_WARN_ABOUT_RETURN_TYPE = YES_ERROR;
				GCC_WARN_UNDECLARED_SELECTOR = YES;
				GCC_WARN_UNINITIALIZED_AUTOS = YES_AGGRESSIVE;
				GCC_WARN_UNUSED_FUNCTION = YES;
				GCC_WARN_UNUSED_VARIABLE = YES;
				IPHONEOS_DEPLOYMENT_TARGET = 14.0;
				MTL_ENABLE_DEBUG_INFO = INCLUDE_SOURCE;
				MTL_FAST_MATH = YES;
				ONLY_ACTIVE_ARCH = YES;
				SDKROOT = iphoneos;
				SWIFT_ACTIVE_COMPILATION_CONDITIONS = DEBUG;
				SWIFT_OPTIMIZATION_LEVEL = "-Onone";
			};
			name = Debug;
		};
		63C109862555EF0C0097EDC3 /* Release */ = {
			isa = XCBuildConfiguration;
			buildSettings = {
				ALWAYS_SEARCH_USER_PATHS = NO;
				CLANG_ANALYZER_NONNULL = YES;
				CLANG_ANALYZER_NUMBER_OBJECT_CONVERSION = YES_AGGRESSIVE;
				CLANG_CXX_LANGUAGE_STANDARD = "gnu++14";
				CLANG_CXX_LIBRARY = "libc++";
				CLANG_ENABLE_MODULES = YES;
				CLANG_ENABLE_OBJC_ARC = YES;
				CLANG_ENABLE_OBJC_WEAK = YES;
				CLANG_WARN_BLOCK_CAPTURE_AUTORELEASING = YES;
				CLANG_WARN_BOOL_CONVERSION = YES;
				CLANG_WARN_COMMA = YES;
				CLANG_WARN_CONSTANT_CONVERSION = YES;
				CLANG_WARN_DEPRECATED_OBJC_IMPLEMENTATIONS = YES;
				CLANG_WARN_DIRECT_OBJC_ISA_USAGE = YES_ERROR;
				CLANG_WARN_DOCUMENTATION_COMMENTS = YES;
				CLANG_WARN_EMPTY_BODY = YES;
				CLANG_WARN_ENUM_CONVERSION = YES;
				CLANG_WARN_INFINITE_RECURSION = YES;
				CLANG_WARN_INT_CONVERSION = YES;
				CLANG_WARN_NON_LITERAL_NULL_CONVERSION = YES;
				CLANG_WARN_OBJC_IMPLICIT_RETAIN_SELF = YES;
				CLANG_WARN_OBJC_LITERAL_CONVERSION = YES;
				CLANG_WARN_OBJC_ROOT_CLASS = YES_ERROR;
				CLANG_WARN_QUOTED_INCLUDE_IN_FRAMEWORK_HEADER = YES;
				CLANG_WARN_RANGE_LOOP_ANALYSIS = YES;
				CLANG_WARN_STRICT_PROTOTYPES = YES;
				CLANG_WARN_SUSPICIOUS_MOVE = YES;
				CLANG_WARN_UNGUARDED_AVAILABILITY = YES_AGGRESSIVE;
				CLANG_WARN_UNREACHABLE_CODE = YES;
				CLANG_WARN__DUPLICATE_METHOD_MATCH = YES;
				COPY_PHASE_STRIP = NO;
				DEBUG_INFORMATION_FORMAT = "dwarf-with-dsym";
				ENABLE_NS_ASSERTIONS = NO;
				ENABLE_STRICT_OBJC_MSGSEND = YES;
				GCC_C_LANGUAGE_STANDARD = gnu11;
				GCC_NO_COMMON_BLOCKS = YES;
				GCC_WARN_64_TO_32_BIT_CONVERSION = YES;
				GCC_WARN_ABOUT_RETURN_TYPE = YES_ERROR;
				GCC_WARN_UNDECLARED_SELECTOR = YES;
				GCC_WARN_UNINITIALIZED_AUTOS = YES_AGGRESSIVE;
				GCC_WARN_UNUSED_FUNCTION = YES;
				GCC_WARN_UNUSED_VARIABLE = YES;
				IPHONEOS_DEPLOYMENT_TARGET = 14.0;
				MTL_ENABLE_DEBUG_INFO = NO;
				MTL_FAST_MATH = YES;
				SDKROOT = iphoneos;
				SWIFT_COMPILATION_MODE = wholemodule;
				SWIFT_OPTIMIZATION_LEVEL = "-O";
				VALIDATE_PRODUCT = YES;
			};
			name = Release;
		};
		63C109882555EF0C0097EDC3 /* Debug */ = {
			isa = XCBuildConfiguration;
			baseConfigurationReference = F117E6E1CFF5E48468622CD6 /* Pods-Pulse.debug.xcconfig */;
			buildSettings = {
				ASSETCATALOG_COMPILER_APPICON_NAME = AppIcon;
				ASSETCATALOG_COMPILER_GLOBAL_ACCENT_COLOR_NAME = AccentColor;
				CODE_SIGN_STYLE = Automatic;
				INFOPLIST_FILE = "$(SRCROOT)/Pulse/Supporting Files/Info.plist";
				LD_RUNPATH_SEARCH_PATHS = (
					"$(inherited)",
					"@executable_path/Frameworks",
				);
				PRODUCT_BUNDLE_IDENTIFIER = com.hmz.Pulse;
				PRODUCT_NAME = "$(TARGET_NAME)";
				SWIFT_ENABLE_BATCH_MODE = NO;
				SWIFT_VERSION = 5.0;
				TARGETED_DEVICE_FAMILY = "1,2";
			};
			name = Debug;
		};
		63C109892555EF0C0097EDC3 /* Release */ = {
			isa = XCBuildConfiguration;
			baseConfigurationReference = 5680797938EF3C26D37613FD /* Pods-Pulse.release.xcconfig */;
			buildSettings = {
				ASSETCATALOG_COMPILER_APPICON_NAME = AppIcon;
				ASSETCATALOG_COMPILER_GLOBAL_ACCENT_COLOR_NAME = AccentColor;
				CODE_SIGN_STYLE = Automatic;
				INFOPLIST_FILE = "$(SRCROOT)/Pulse/Supporting Files/Info.plist";
				LD_RUNPATH_SEARCH_PATHS = (
					"$(inherited)",
					"@executable_path/Frameworks",
				);
				PRODUCT_BUNDLE_IDENTIFIER = com.hmz.Pulse;
				PRODUCT_NAME = "$(TARGET_NAME)";
				SWIFT_ENABLE_BATCH_MODE = NO;
				SWIFT_VERSION = 5.0;
				TARGETED_DEVICE_FAMILY = "1,2";
			};
			name = Release;
		};
/* End XCBuildConfiguration section */

/* Begin XCConfigurationList section */
		63C1096E2555EF0B0097EDC3 /* Build configuration list for PBXProject "Pulse" */ = {
			isa = XCConfigurationList;
			buildConfigurations = (
				63C109852555EF0C0097EDC3 /* Debug */,
				63C109862555EF0C0097EDC3 /* Release */,
			);
			defaultConfigurationIsVisible = 0;
			defaultConfigurationName = Release;
		};
		63C109872555EF0C0097EDC3 /* Build configuration list for PBXNativeTarget "Pulse" */ = {
			isa = XCConfigurationList;
			buildConfigurations = (
				63C109882555EF0C0097EDC3 /* Debug */,
				63C109892555EF0C0097EDC3 /* Release */,
			);
			defaultConfigurationIsVisible = 0;
			defaultConfigurationName = Release;
		};
/* End XCConfigurationList section */
	};
	rootObject = 63C1096B2555EF0B0097EDC3 /* Project object */;
}
